
Microsoft Visual Studio Solution File, Format Version 12.00
# Visual Studio Version 17
VisualStudioVersion = 17.6.33829.357
MinimumVisualStudioVersion = 10.0.40219.1
Project("{FAE04EC0-301F-11D3-BF4B-00C04F79EFBC}") = "ReservaVuelos", "ReservaVuelos\ReservaVuelos.csproj", "{7B87D416-6E0D-4409-8820-5967BD47924D}"
EndProject
Global
	GlobalSection(SolutionConfigurationPlatforms) = preSolution
		Debug|Any CPU = Debug|Any CPU
		Release|Any CPU = Release|Any CPU
	EndGlobalSection
	GlobalSection(ProjectConfigurationPlatforms) = postSolution
		{7B87D416-6E0D-4409-8820-5967BD47924D}.Debug|Any CPU.ActiveCfg = Debug|Any CPU
		{7B87D416-6E0D-4409-8820-5967BD47924D}.Debug|Any CPU.Build.0 = Debug|Any CPU
		{7B87D416-6E0D-4409-8820-5967BD47924D}.Release|Any CPU.ActiveCfg = Release|Any CPU
		{7B87D416-6E0D-4409-8820-5967BD47924D}.Release|Any CPU.Build.0 = Release|Any CPU
	EndGlobalSection
	GlobalSection(SolutionProperties) = preSolution
		HideSolutionNode = FALSE
	EndGlobalSection
	GlobalSection(ExtensibilityGlobals) = postSolution
		SolutionGuid = {91BE625C-71B9-4D70-B16C-CEE09AFF0ED1}
	EndGlobalSection
EndGlobal
